
Microsoft Visual Studio Solution File, Format Version 12.00
# Visual Studio Version 16
VisualStudioVersion = 16.0.31702.278
MinimumVisualStudioVersion = 10.0.40219.1
Project("{9A19103F-16F7-4668-BE54-9A1E7A4F7556}") = "ProjectManager.API", "ProjectManager.API\ProjectManager.API.csproj", "{5B66623A-2570-42D0-92B8-2139B2A28113}"
EndProject
Project("{FAE04EC0-301F-11D3-BF4B-00C04F79EFBC}") = "ProjectManager.Entities", "ProjectManager.Entities\ProjectManager.Entities.csproj", "{D01E995B-7CBE-44C8-9E0E-173930B81937}"
EndProject
Project("{FAE04EC0-301F-11D3-BF4B-00C04F79EFBC}") = "ProjectManager.DAL", "ProjectManager.DAL\ProjectManager.DAL.csproj", "{27DB21AA-290B-491C-A83C-8FB0040466EF}"
EndProject
Global
	GlobalSection(SolutionConfigurationPlatforms) = preSolution
		Debug|Any CPU = Debug|Any CPU
		Release|Any CPU = Release|Any CPU
	EndGlobalSection
	GlobalSection(ProjectConfigurationPlatforms) = postSolution
		{5B66623A-2570-42D0-92B8-2139B2A28113}.Debug|Any CPU.ActiveCfg = Debug|Any CPU
		{5B66623A-2570-42D0-92B8-2139B2A28113}.Debug|Any CPU.Build.0 = Debug|Any CPU
		{5B66623A-2570-42D0-92B8-2139B2A28113}.Release|Any CPU.ActiveCfg = Release|Any CPU
		{5B66623A-2570-42D0-92B8-2139B2A28113}.Release|Any CPU.Build.0 = Release|Any CPU
		{D01E995B-7CBE-44C8-9E0E-173930B81937}.Debug|Any CPU.ActiveCfg = Debug|Any CPU
		{D01E995B-7CBE-44C8-9E0E-173930B81937}.Debug|Any CPU.Build.0 = Debug|Any CPU
		{D01E995B-7CBE-44C8-9E0E-173930B81937}.Release|Any CPU.ActiveCfg = Release|Any CPU
		{D01E995B-7CBE-44C8-9E0E-173930B81937}.Release|Any CPU.Build.0 = Release|Any CPU
		{27DB21AA-290B-491C-A83C-8FB0040466EF}.Debug|Any CPU.ActiveCfg = Debug|Any CPU
		{27DB21AA-290B-491C-A83C-8FB0040466EF}.Debug|Any CPU.Build.0 = Debug|Any CPU
		{27DB21AA-290B-491C-A83C-8FB0040466EF}.Release|Any CPU.ActiveCfg = Release|Any CPU
		{27DB21AA-290B-491C-A83C-8FB0040466EF}.Release|Any CPU.Build.0 = Release|Any CPU
	EndGlobalSection
	GlobalSection(SolutionProperties) = preSolution
		HideSolutionNode = FALSE
	EndGlobalSection
	GlobalSection(ExtensibilityGlobals) = postSolution
		SolutionGuid = {505878C3-0418-40F7-B246-5F2D2C82C783}
	EndGlobalSection
EndGlobal
